
Microsoft Visual Studio Solution File, Format Version 12.00
# Visual Studio Version 16
VisualStudioVersion = 16.0.29209.62
MinimumVisualStudioVersion = 10.0.40219.1
Project("{FAE04EC0-301F-11D3-BF4B-00C04F79EFBC}") = "TP1_Lacioppa", "TP1_Lacioppa\TP1_Lacioppa.csproj", "{DD9233EC-7A8A-400E-998A-BD4B42781CA5}"
EndProject
Global
	GlobalSection(SolutionConfigurationPlatforms) = preSolution
		Debug|Any CPU = Debug|Any CPU
		Release|Any CPU = Release|Any CPU
	EndGlobalSection
	GlobalSection(ProjectConfigurationPlatforms) = postSolution
		{DD9233EC-7A8A-400E-998A-BD4B42781CA5}.Debug|Any CPU.ActiveCfg = Debug|Any CPU
		{DD9233EC-7A8A-400E-998A-BD4B42781CA5}.Debug|Any CPU.Build.0 = Debug|Any CPU
		{DD9233EC-7A8A-400E-998A-BD4B42781CA5}.Release|Any CPU.ActiveCfg = Release|Any CPU
		{DD9233EC-7A8A-400E-998A-BD4B42781CA5}.Release|Any CPU.Build.0 = Release|Any CPU
	EndGlobalSection
	GlobalSection(SolutionProperties) = preSolution
		HideSolutionNode = FALSE
	EndGlobalSection
	GlobalSection(ExtensibilityGlobals) = postSolution
		SolutionGuid = {88083AD4-E0FB-4241-8223-ECD9F66CDFB2}
	EndGlobalSection
EndGlobal
